{
  "name": "map-engine",
  "version": "1.0.0",
  "lockfileVersion": 1,
  "requires": true,
  "dependencies": {
    "@types/geojson": {
      "version": "7946.0.7",
      "resolved": "https://registry.npm.taobao.org/@types/geojson/download/@types/geojson-7946.0.7.tgz",
      "integrity": "sha1-yPpTK2CgBCIZzfFzyiGpde8GZq0=",
      "dev": true
    },
    "@types/leaflet": {
      "version": "1.5.12",
      "resolved": "https://registry.npm.taobao.org/@types/leaflet/download/@types/leaflet-1.5.12.tgz",
      "integrity": "sha1-mVO35HpT4KcM3XqQOkPcPDQ89iM=",
      "dev": true,
      "requires": {
        "@types/geojson": "*"
      }
    },
    "callsites": {
      "version": "3.1.0",
      "resolved": "https://registry.npm.taobao.org/callsites/download/callsites-3.1.0.tgz",
      "integrity": "sha1-s2MKvYlDQy9Us/BRkjjjPNffL3M="
    },
    "debug": {
      "version": "4.1.1",
      "resolved": "https://registry.npm.taobao.org/debug/download/debug-4.1.1.tgz",
      "integrity": "sha1-O3ImAlUQnGtYnO4FDx1RYTlmR5E=",
      "requires": {
        "ms": "^2.1.1"
      }
    },
    "esm": {
      "version": "3.2.25",
      "resolved": "https://registry.npm.taobao.org/esm/download/esm-3.2.25.tgz",
      "integrity": "sha1-NCwYwp1WFXaIulzjH4Qx+7eVzBA=",
      "optional": true
    },
    "geotiff": {
      "version": "1.0.0-beta.11",
      "resolved": "https://registry.npm.taobao.org/geotiff/download/geotiff-1.0.0-beta.11.tgz",
      "integrity": "sha1-hUvoUpXe+y4Nyf+ojS4RvH+Fo9s=",
      "requires": {
        "pako": "^1.0.11",
        "threads": "^1.3.1",
        "txml": "^3.1.2"
      }
    },
    "inherits": {
      "version": "2.0.4",
      "resolved": "https://registry.npm.taobao.org/inherits/download/inherits-2.0.4.tgz",
      "integrity": "sha1-D6LGT5MpF8NDOg3tVTY6rjdBa3w="
    },
    "is-observable": {
      "version": "1.1.0",
      "resolved": "https://registry.npm.taobao.org/is-observable/download/is-observable-1.1.0.tgz",
      "integrity": "sha1-s+mGyPRN6VCGfKtUA/WjRlAFl14=",
      "requires": {
        "symbol-observable": "^1.1.0"
      }
    },
    "leaflet": {
      "version": "1.6.0",
      "resolved": "https://registry.npm.taobao.org/leaflet/download/leaflet-1.6.0.tgz",
      "integrity": "sha1-rsuwRLlJ7ClGnusxx3qI4vRI8wg="
    },
    "ms": {
      "version": "2.1.2",
      "resolved": "https://registry.npm.taobao.org/ms/download/ms-2.1.2.tgz",
      "integrity": "sha1-0J0fNXtEP0kzgqjrPM0YOHKuYAk="
    },
    "observable-fns": {
      "version": "0.5.1",
      "resolved": "https://registry.npm.taobao.org/observable-fns/download/observable-fns-0.5.1.tgz",
      "integrity": "sha1-m1ZHhpDdD6hgPjp+fSl12IvKCQQ="
    },
    "pako": {
      "version": "1.0.11",
      "resolved": "https://registry.npm.taobao.org/pako/download/pako-1.0.11.tgz?cache=0&sync_timestamp=1580284192633&other_urls=https%3A%2F%2Fregistry.npm.taobao.org%2Fpako%2Fdownload%2Fpako-1.0.11.tgz",
      "integrity": "sha1-bJWZ00DVTf05RjgCUqNXBaa5kr8="
    },
    "readable-stream": {
      "version": "3.6.0",
      "resolved": "https://registry.npm.taobao.org/readable-stream/download/readable-stream-3.6.0.tgz",
      "integrity": "sha1-M3u9o63AcGvT4CRCaihtS0sskZg=",
      "requires": {
        "inherits": "^2.0.3",
        "string_decoder": "^1.1.1",
        "util-deprecate": "^1.0.1"
      }
    },
    "safe-buffer": {
      "version": "5.2.1",
      "resolved": "https://registry.npm.taobao.org/safe-buffer/download/safe-buffer-5.2.1.tgz?cache=0&sync_timestamp=1589129010497&other_urls=https%3A%2F%2Fregistry.npm.taobao.org%2Fsafe-buffer%2Fdownload%2Fsafe-buffer-5.2.1.tgz",
      "integrity": "sha1-Hq+fqb2x/dTsdfWPnNtOa3gn7sY="
    },
    "string_decoder": {
      "version": "1.3.0",
      "resolved": "https://registry.npm.taobao.org/string_decoder/download/string_decoder-1.3.0.tgz",
      "integrity": "sha1-QvEUWUpGzxqOMLCoT1bHjD7awh4=",
      "requires": {
        "safe-buffer": "~5.2.0"
      }
    },
    "symbol-observable": {
      "version": "1.2.0",
      "resolved": "https://registry.npm.taobao.org/symbol-observable/download/symbol-observable-1.2.0.tgz",
      "integrity": "sha1-wiaIrtTqs83C3+rLtWFmBWCgCAQ="
    },
    "threads": {
      "version": "1.4.1",
      "resolved": "https://registry.npm.taobao.org/threads/download/threads-1.4.1.tgz",
      "integrity": "sha1-foQPJTcGWBNv0tTicEKilg2nqOk=",
      "requires": {
        "callsites": "^3.1.0",
        "debug": "^4.1.1",
        "is-observable": "^1.1.0",
        "observable-fns": "^0.5.1",
        "tiny-worker": ">= 2"
      }
    },
    "through2": {
      "version": "3.0.1",
      "resolved": "https://registry.npm.taobao.org/through2/download/through2-3.0.1.tgz",
      "integrity": "sha1-OSducTwzAu3544jdnIEt07glvVo=",
      "requires": {
        "readable-stream": "2 || 3"
      }
    },
    "tiny-worker": {
      "version": "2.3.0",
      "resolved": "https://registry.npm.taobao.org/tiny-worker/download/tiny-worker-2.3.0.tgz",
      "integrity": "sha1-cVrjQwTHV6mvVzrpqOOWcXfmAR4=",
      "optional": true,
      "requires": {
        "esm": "^3.2.25"
      }
    },
    "txml": {
      "version": "3.1.2",
      "resolved": "https://registry.npm.taobao.org/txml/download/txml-3.1.2.tgz",
      "integrity": "sha1-tOOqhRkWfTPxVCZlseNTehVkPAw=",
      "requires": {
        "through2": "^3.0.1"
      }
    },
    "util-deprecate": {
      "version": "1.0.2",
      "resolved": "https://registry.npm.taobao.org/util-deprecate/download/util-deprecate-1.0.2.tgz",
      "integrity": "sha1-RQ1Nyfpw3nMnYvvS1KKJgUGaDM8="
    }
  }
}
